
Microsoft Visual Studio Solution File, Format Version 12.00
# Visual Studio 2012
Project("{FAE04EC0-301F-11D3-BF4B-00C04F79EFBC}") = "BachelorProject", "BachelorProject\BachelorProject.csproj", "{64B3E56C-1596-4460-B29C-EED69FB121DA}"
EndProject
Project("{FAE04EC0-301F-11D3-BF4B-00C04F79EFBC}") = "ExperimentTemplate", "..\code\ExperimentTemplate\ExperimentTemplate.csproj", "{4732F757-6951-464E-A06D-E6A696DB574B}"
EndProject
Project("{FAE04EC0-301F-11D3-BF4B-00C04F79EFBC}") = "Eyetracker", "..\code\Eyetracker\Eyetracker.csproj", "{FAE1D5D9-5BC7-4102-AED5-85A08C049D4D}"
EndProject
Project("{FAE04EC0-301F-11D3-BF4B-00C04F79EFBC}") = "Logging", "..\code\Logging\Logging.csproj", "{50F77CDB-D70C-40F0-A668-C864CBEF675D}"
EndProject
Project("{2150E333-8FDC-42A3-9474-1A3956D46DE8}") = "Solution Items", "Solution Items", "{51DE301D-8508-4D25-8BFC-47984913BBFB}"
	ProjectSection(SolutionItems) = preProject
		Performance1.psess = Performance1.psess
	EndProjectSection
EndProject
Global
	GlobalSection(SolutionConfigurationPlatforms) = preSolution
		Debug|Any CPU = Debug|Any CPU
		Release|Any CPU = Release|Any CPU
	EndGlobalSection
	GlobalSection(ProjectConfigurationPlatforms) = postSolution
		{64B3E56C-1596-4460-B29C-EED69FB121DA}.Debug|Any CPU.ActiveCfg = Debug|Any CPU
		{64B3E56C-1596-4460-B29C-EED69FB121DA}.Debug|Any CPU.Build.0 = Debug|Any CPU
		{64B3E56C-1596-4460-B29C-EED69FB121DA}.Release|Any CPU.ActiveCfg = Release|Any CPU
		{64B3E56C-1596-4460-B29C-EED69FB121DA}.Release|Any CPU.Build.0 = Release|Any CPU
		{4732F757-6951-464E-A06D-E6A696DB574B}.Debug|Any CPU.ActiveCfg = Debug|Any CPU
		{4732F757-6951-464E-A06D-E6A696DB574B}.Debug|Any CPU.Build.0 = Debug|Any CPU
		{4732F757-6951-464E-A06D-E6A696DB574B}.Release|Any CPU.ActiveCfg = Release|Any CPU
		{4732F757-6951-464E-A06D-E6A696DB574B}.Release|Any CPU.Build.0 = Release|Any CPU
		{FAE1D5D9-5BC7-4102-AED5-85A08C049D4D}.Debug|Any CPU.ActiveCfg = Debug|Any CPU
		{FAE1D5D9-5BC7-4102-AED5-85A08C049D4D}.Debug|Any CPU.Build.0 = Debug|Any CPU
		{FAE1D5D9-5BC7-4102-AED5-85A08C049D4D}.Release|Any CPU.ActiveCfg = Release|Any CPU
		{FAE1D5D9-5BC7-4102-AED5-85A08C049D4D}.Release|Any CPU.Build.0 = Release|Any CPU
		{50F77CDB-D70C-40F0-A668-C864CBEF675D}.Debug|Any CPU.ActiveCfg = Debug|Any CPU
		{50F77CDB-D70C-40F0-A668-C864CBEF675D}.Debug|Any CPU.Build.0 = Debug|Any CPU
		{50F77CDB-D70C-40F0-A668-C864CBEF675D}.Release|Any CPU.ActiveCfg = Release|Any CPU
		{50F77CDB-D70C-40F0-A668-C864CBEF675D}.Release|Any CPU.Build.0 = Release|Any CPU
	EndGlobalSection
	GlobalSection(SolutionProperties) = preSolution
		HideSolutionNode = FALSE
	EndGlobalSection
	GlobalSection(Performance) = preSolution
		HasPerformanceSessions = true
	EndGlobalSection
EndGlobal
